
Microsoft Visual Studio Solution File, Format Version 12.00
# Visual Studio Version 16
VisualStudioVersion = 16.0.30413.136
MinimumVisualStudioVersion = 10.0.40219.1
Project("{FAE04EC0-301F-11D3-BF4B-00C04F79EFBC}") = "Kazan_Session3_Mobile_16_9.Android", "Kazan_Session3_Mobile_16_9.Android\Kazan_Session3_Mobile_16_9.Android.csproj", "{3276EE4F-9293-4379-97C3-303653EFB8FC}"
EndProject
Project("{FAE04EC0-301F-11D3-BF4B-00C04F79EFBC}") = "Kazan_Session3_Mobile_16_9", "Kazan_Session3_Mobile_16_9\Kazan_Session3_Mobile_16_9.csproj", "{EFF1730A-42DF-4687-9798-0B2F9B6E0CC3}"
EndProject
Global
	GlobalSection(SolutionConfigurationPlatforms) = preSolution
		Debug|Any CPU = Debug|Any CPU
		Release|Any CPU = Release|Any CPU
	EndGlobalSection
	GlobalSection(ProjectConfigurationPlatforms) = postSolution
		{3276EE4F-9293-4379-97C3-303653EFB8FC}.Debug|Any CPU.ActiveCfg = Debug|Any CPU
		{3276EE4F-9293-4379-97C3-303653EFB8FC}.Debug|Any CPU.Build.0 = Debug|Any CPU
		{3276EE4F-9293-4379-97C3-303653EFB8FC}.Debug|Any CPU.Deploy.0 = Debug|Any CPU
		{3276EE4F-9293-4379-97C3-303653EFB8FC}.Release|Any CPU.ActiveCfg = Release|Any CPU
		{3276EE4F-9293-4379-97C3-303653EFB8FC}.Release|Any CPU.Build.0 = Release|Any CPU
		{3276EE4F-9293-4379-97C3-303653EFB8FC}.Release|Any CPU.Deploy.0 = Release|Any CPU
		{EFF1730A-42DF-4687-9798-0B2F9B6E0CC3}.Debug|Any CPU.ActiveCfg = Debug|Any CPU
		{EFF1730A-42DF-4687-9798-0B2F9B6E0CC3}.Debug|Any CPU.Build.0 = Debug|Any CPU
		{EFF1730A-42DF-4687-9798-0B2F9B6E0CC3}.Debug|Any CPU.Deploy.0 = Debug|Any CPU
		{EFF1730A-42DF-4687-9798-0B2F9B6E0CC3}.Release|Any CPU.ActiveCfg = Release|Any CPU
		{EFF1730A-42DF-4687-9798-0B2F9B6E0CC3}.Release|Any CPU.Build.0 = Release|Any CPU
		{EFF1730A-42DF-4687-9798-0B2F9B6E0CC3}.Release|Any CPU.Deploy.0 = Release|Any CPU
	EndGlobalSection
	GlobalSection(SolutionProperties) = preSolution
		HideSolutionNode = FALSE
	EndGlobalSection
	GlobalSection(ExtensibilityGlobals) = postSolution
		SolutionGuid = {1EFF74B9-3E4D-492E-90EF-4210213913F1}
	EndGlobalSection
EndGlobal
